// !$*UTF8*$!
{
	archiveVersion = 1;
	classes = {
	};
	objectVersion = 46;
	objects = {

/* Begin PBXBuildFile section */
		4AFBEF4E1C9FD79E00906E8F /* main.m in Sources */ = {isa = PBXBuildFile; fileRef = 4AFBEF4D1C9FD79E00906E8F /* main.m */; };
		4AFBEF511C9FD79E00906E8F /* AppDelegate.m in Sources */ = {isa = PBXBuildFile; fileRef = 4AFBEF501C9FD79E00906E8F /* AppDelegate.m */; };
		4AFBEF541C9FD79E00906E8F /* ViewController.m in Sources */ = {isa = PBXBuildFile; fileRef = 4AFBEF531C9FD79E00906E8F /* ViewController.m */; };
		4AFBEF571C9FD79E00906E8F /* Main.storyboard in Resources */ = {isa = PBXBuildFile; fileRef = 4AFBEF551C9FD79E00906E8F /* Main.storyboard */; };
		4AFBEF591C9FD79E00906E8F /* Assets.xcassets in Resources */ = {isa = PBXBuildFile; fileRef = 4AFBEF581C9FD79E00906E8F /* Assets.xcassets */; };
		4AFBEF5C1C9FD79E00906E8F /* LaunchScreen.storyboard in Resources */ = {isa = PBXBuildFile; fileRef = 4AFBEF5A1C9FD79E00906E8F /* LaunchScreen.storyboard */; };
		4AFBEF671C9FD79E00906E8F /* LKFMDB_DemoTests.m in Sources */ = {isa = PBXBuildFile; fileRef = 4AFBEF661C9FD79E00906E8F /* LKFMDB_DemoTests.m */; };
		4AFBEF721C9FD79E00906E8F /* LKFMDB_DemoUITests.m in Sources */ = {isa = PBXBuildFile; fileRef = 4AFBEF711C9FD79E00906E8F /* LKFMDB_DemoUITests.m */; };
		4AFBEF8C1C9FD7E800906E8F /* FMDatabase.m in Sources */ = {isa = PBXBuildFile; fileRef = 4AFBEF811C9FD7E800906E8F /* FMDatabase.m */; };
		4AFBEF8D1C9FD7E800906E8F /* FMDatabaseAdditions.m in Sources */ = {isa = PBXBuildFile; fileRef = 4AFBEF831C9FD7E800906E8F /* FMDatabaseAdditions.m */; };
		4AFBEF8E1C9FD7E800906E8F /* FMDatabasePool.m in Sources */ = {isa = PBXBuildFile; fileRef = 4AFBEF851C9FD7E800906E8F /* FMDatabasePool.m */; };
		4AFBEF8F1C9FD7E800906E8F /* FMDatabaseQueue.m in Sources */ = {isa = PBXBuildFile; fileRef = 4AFBEF871C9FD7E800906E8F /* FMDatabaseQueue.m */; };
		4AFBEF901C9FD7E800906E8F /* FMResultSet.m in Sources */ = {isa = PBXBuildFile; fileRef = 4AFBEF8A1C9FD7E800906E8F /* FMResultSet.m */; };
		4AFBEF911C9FD7E800906E8F /* Info.plist in Resources */ = {isa = PBXBuildFile; fileRef = 4AFBEF8B1C9FD7E800906E8F /* Info.plist */; };
		4AFBEF961C9FD89700906E8F /* LKDBTool.m in Sources */ = {isa = PBXBuildFile; fileRef = 4AFBEF951C9FD89700906E8F /* LKDBTool.m */; };
		4AFBEF991C9FDE8700906E8F /* LKDBModel.m in Sources */ = {isa = PBXBuildFile; fileRef = 4AFBEF981C9FDE8700906E8F /* LKDBModel.m */; };
		4AFBEF9C1C9FE4F500906E8F /* LKDBColumnDes.m in Sources */ = {isa = PBXBuildFile; fileRef = 4AFBEF9B1C9FE4F500906E8F /* LKDBColumnDes.m */; };
		4AFBEF9E1C9FEA1E00906E8F /* libsqlite3.0.tbd in Frameworks */ = {isa = PBXBuildFile; fileRef = 4AFBEF9D1C9FEA1E00906E8F /* libsqlite3.0.tbd */; };
		4AFBEFA11C9FEBCA00906E8F /* LKDBQueryConfig.m in Sources */ = {isa = PBXBuildFile; fileRef = 4AFBEFA01C9FEBCA00906E8F /* LKDBQueryConfig.m */; };
		4AFBEFA41C9FF8CC00906E8F /* User.m in Sources */ = {isa = PBXBuildFile; fileRef = 4AFBEFA31C9FF8CC00906E8F /* User.m */; };
/* End PBXBuildFile section */

/* Begin PBXContainerItemProxy section */
		4AFBEF631C9FD79E00906E8F /* PBXContainerItemProxy */ = {
			isa = PBXContainerItemProxy;
			containerPortal = 4AFBEF411C9FD79E00906E8F /* Project object */;
			proxyType = 1;
			remoteGlobalIDString = 4AFBEF481C9FD79E00906E8F;
			remoteInfo = LKFMDB_Demo;
		};
		4AFBEF6E1C9FD79E00906E8F /* PBXContainerItemProxy */ = {
			isa = PBXContainerItemProxy;
			containerPortal = 4AFBEF411C9FD79E00906E8F /* Project object */;
			proxyType = 1;
			remoteGlobalIDString = 4AFBEF481C9FD79E00906E8F;
			remoteInfo = LKFMDB_Demo;
		};
/* End PBXContainerItemProxy section */

/* Begin PBXFileReference section */
		4AFBEF491C9FD79E00906E8F /* LKFMDB_Demo.app */ = {isa = PBXFileReference; explicitFileType = wrapper.application; includeInIndex = 0; path = LKFMDB_Demo.app; sourceTree = BUILT_PRODUCTS_DIR; };
		4AFBEF4D1C9FD79E00906E8F /* main.m */ = {isa = PBXFileReference; lastKnownFileType = sourcecode.c.objc; path = main.m; sourceTree = "<group>"; };
		4AFBEF4F1C9FD79E00906E8F /* AppDelegate.h */ = {isa = PBXFileReference; lastKnownFileType = sourcecode.c.h; path = AppDelegate.h; sourceTree = "<group>"; };
		4AFBEF501C9FD79E00906E8F /* AppDelegate.m */ = {isa = PBXFileReference; lastKnownFileType = sourcecode.c.objc; path = AppDelegate.m; sourceTree = "<group>"; };
		4AFBEF521C9FD79E00906E8F /* ViewController.h */ = {isa = PBXFileReference; lastKnownFileType = sourcecode.c.h; path = ViewController.h; sourceTree = "<group>"; };
		4AFBEF531C9FD79E00906E8F /* ViewController.m */ = {isa = PBXFileReference; lastKnownFileType = sourcecode.c.objc; path = ViewController.m; sourceTree = "<group>"; };
		4AFBEF561C9FD79E00906E8F /* Base */ = {isa = PBXFileReference; lastKnownFileType = file.storyboard; name = Base; path = Base.lproj/Main.storyboard; sourceTree = "<group>"; };
		4AFBEF581C9FD79E00906E8F /* Assets.xcassets */ = {isa = PBXFileReference; lastKnownFileType = folder.assetcatalog; path = Assets.xcassets; sourceTree = "<group>"; };
		4AFBEF5B1C9FD79E00906E8F /* Base */ = {isa = PBXFileReference; lastKnownFileType = file.storyboard; name = Base; path = Base.lproj/LaunchScreen.storyboard; sourceTree = "<group>"; };
		4AFBEF5D1C9FD79E00906E8F /* Info.plist */ = {isa = PBXFileReference; lastKnownFileType = text.plist.xml; path = Info.plist; sourceTree = "<group>"; };
		4AFBEF621C9FD79E00906E8F /* LKFMDB_DemoTests.xctest */ = {isa = PBXFileReference; explicitFileType = wrapper.cfbundle; includeInIndex = 0; path = LKFMDB_DemoTests.xctest; sourceTree = BUILT_PRODUCTS_DIR; };
		4AFBEF661C9FD79E00906E8F /* LKFMDB_DemoTests.m */ = {isa = PBXFileReference; lastKnownFileType = sourcecode.c.objc; path = LKFMDB_DemoTests.m; sourceTree = "<group>"; };
		4AFBEF681C9FD79E00906E8F /* Info.plist */ = {isa = PBXFileReference; lastKnownFileType = text.plist.xml; path = Info.plist; sourceTree = "<group>"; };
		4AFBEF6D1C9FD79E00906E8F /* LKFMDB_DemoUITests.xctest */ = {isa = PBXFileReference; explicitFileType = wrapper.cfbundle; includeInIndex = 0; path = LKFMDB_DemoUITests.xctest; sourceTree = BUILT_PRODUCTS_DIR; };
		4AFBEF711C9FD79E00906E8F /* LKFMDB_DemoUITests.m */ = {isa = PBXFileReference; lastKnownFileType = sourcecode.c.objc; path = LKFMDB_DemoUITests.m; sourceTree = "<group>"; };
		4AFBEF731C9FD79E00906E8F /* Info.plist */ = {isa = PBXFileReference; lastKnownFileType = text.plist.xml; path = Info.plist; sourceTree = "<group>"; };
		4AFBEF801C9FD7E800906E8F /* FMDatabase.h */ = {isa = PBXFileReference; fileEncoding = 4; lastKnownFileType = sourcecode.c.h; path = FMDatabase.h; sourceTree = "<group>"; };
		4AFBEF811C9FD7E800906E8F /* FMDatabase.m */ = {isa = PBXFileReference; fileEncoding = 4; lastKnownFileType = sourcecode.c.objc; path = FMDatabase.m; sourceTree = "<group>"; };
		4AFBEF821C9FD7E800906E8F /* FMDatabaseAdditions.h */ = {isa = PBXFileReference; fileEncoding = 4; lastKnownFileType = sourcecode.c.h; path = FMDatabaseAdditions.h; sourceTree = "<group>"; };
		4AFBEF831C9FD7E800906E8F /* FMDatabaseAdditions.m */ = {isa = PBXFileReference; fileEncoding = 4; lastKnownFileType = sourcecode.c.objc; path = FMDatabaseAdditions.m; sourceTree = "<group>"; };
		4AFBEF841C9FD7E800906E8F /* FMDatabasePool.h */ = {isa = PBXFileReference; fileEncoding = 4; lastKnownFileType = sourcecode.c.h; path = FMDatabasePool.h; sourceTree = "<group>"; };
		4AFBEF851C9FD7E800906E8F /* FMDatabasePool.m */ = {isa = PBXFileReference; fileEncoding = 4; lastKnownFileType = sourcecode.c.objc; path = FMDatabasePool.m; sourceTree = "<group>"; };
		4AFBEF861C9FD7E800906E8F /* FMDatabaseQueue.h */ = {isa = PBXFileReference; fileEncoding = 4; lastKnownFileType = sourcecode.c.h; path = FMDatabaseQueue.h; sourceTree = "<group>"; };
		4AFBEF871C9FD7E800906E8F /* FMDatabaseQueue.m */ = {isa = PBXFileReference; fileEncoding = 4; lastKnownFileType = sourcecode.c.objc; path = FMDatabaseQueue.m; sourceTree = "<group>"; };
		4AFBEF881C9FD7E800906E8F /* FMDB.h */ = {isa = PBXFileReference; fileEncoding = 4; lastKnownFileType = sourcecode.c.h; path = FMDB.h; sourceTree = "<group>"; };
		4AFBEF891C9FD7E800906E8F /* FMResultSet.h */ = {isa = PBXFileReference; fileEncoding = 4; lastKnownFileType = sourcecode.c.h; path = FMResultSet.h; sourceTree = "<group>"; };
		4AFBEF8A1C9FD7E800906E8F /* FMResultSet.m */ = {isa = PBXFileReference; fileEncoding = 4; lastKnownFileType = sourcecode.c.objc; path = FMResultSet.m; sourceTree = "<group>"; };
		4AFBEF8B1C9FD7E800906E8F /* Info.plist */ = {isa = PBXFileReference; fileEncoding = 4; lastKnownFileType = text.plist.xml; path = Info.plist; sourceTree = "<group>"; };
		4AFBEF941C9FD89700906E8F /* LKDBTool.h */ = {isa = PBXFileReference; fileEncoding = 4; lastKnownFileType = sourcecode.c.h; path = LKDBTool.h; sourceTree = "<group>"; };
		4AFBEF951C9FD89700906E8F /* LKDBTool.m */ = {isa = PBXFileReference; fileEncoding = 4; lastKnownFileType = sourcecode.c.objc; path = LKDBTool.m; sourceTree = "<group>"; };
		4AFBEF971C9FDE8700906E8F /* LKDBModel.h */ = {isa = PBXFileReference; fileEncoding = 4; lastKnownFileType = sourcecode.c.h; path = LKDBModel.h; sourceTree = "<group>"; };
		4AFBEF981C9FDE8700906E8F /* LKDBModel.m */ = {isa = PBXFileReference; fileEncoding = 4; lastKnownFileType = sourcecode.c.objc; path = LKDBModel.m; sourceTree = "<group>"; };
		4AFBEF9A1C9FE4F500906E8F /* LKDBColumnDes.h */ = {isa = PBXFileReference; fileEncoding = 4; lastKnownFileType = sourcecode.c.h; path = LKDBColumnDes.h; sourceTree = "<group>"; };
		4AFBEF9B1C9FE4F500906E8F /* LKDBColumnDes.m */ = {isa = PBXFileReference; fileEncoding = 4; lastKnownFileType = sourcecode.c.objc; path = LKDBColumnDes.m; sourceTree = "<group>"; };
		4AFBEF9D1C9FEA1E00906E8F /* libsqlite3.0.tbd */ = {isa = PBXFileReference; lastKnownFileType = "sourcecode.text-based-dylib-definition"; name = libsqlite3.0.tbd; path = usr/lib/libsqlite3.0.tbd; sourceTree = SDKROOT; };
		4AFBEF9F1C9FEBCA00906E8F /* LKDBQueryConfig.h */ = {isa = PBXFileReference; fileEncoding = 4; lastKnownFileType = sourcecode.c.h; path = LKDBQueryConfig.h; sourceTree = "<group>"; };
		4AFBEFA01C9FEBCA00906E8F /* LKDBQueryConfig.m */ = {isa = PBXFileReference; fileEncoding = 4; lastKnownFileType = sourcecode.c.objc; path = LKDBQueryConfig.m; sourceTree = "<group>"; };
		4AFBEFA21C9FF8CC00906E8F /* User.h */ = {isa = PBXFileReference; fileEncoding = 4; lastKnownFileType = sourcecode.c.h; path = User.h; sourceTree = "<group>"; };
		4AFBEFA31C9FF8CC00906E8F /* User.m */ = {isa = PBXFileReference; fileEncoding = 4; lastKnownFileType = sourcecode.c.objc; path = User.m; sourceTree = "<group>"; };
/* End PBXFileReference section */

/* Begin PBXFrameworksBuildPhase section */
		4AFBEF461C9FD79E00906E8F /* Frameworks */ = {
			isa = PBXFrameworksBuildPhase;
			buildActionMask = 2147483647;
			files = (
				4AFBEF9E1C9FEA1E00906E8F /* libsqlite3.0.tbd in Frameworks */,
			);
			runOnlyForDeploymentPostprocessing = 0;
		};
		4AFBEF5F1C9FD79E00906E8F /* Frameworks */ = {
			isa = PBXFrameworksBuildPhase;
			buildActionMask = 2147483647;
			files = (
			);
			runOnlyForDeploymentPostprocessing = 0;
		};
		4AFBEF6A1C9FD79E00906E8F /* Frameworks */ = {
			isa = PBXFrameworksBuildPhase;
			buildActionMask = 2147483647;
			files = (
			);
			runOnlyForDeploymentPostprocessing = 0;
		};
/* End PBXFrameworksBuildPhase section */

/* Begin PBXGroup section */
		4AFBEF401C9FD79E00906E8F = {
			isa = PBXGroup;
			children = (
				4AFBEF9D1C9FEA1E00906E8F /* libsqlite3.0.tbd */,
				4AFBEF4B1C9FD79E00906E8F /* LKFMDB_Demo */,
				4AFBEF651C9FD79E00906E8F /* LKFMDB_DemoTests */,
				4AFBEF701C9FD79E00906E8F /* LKFMDB_DemoUITests */,
				4AFBEF4A1C9FD79E00906E8F /* Products */,
			);
			sourceTree = "<group>";
		};
		4AFBEF4A1C9FD79E00906E8F /* Products */ = {
			isa = PBXGroup;
			children = (
				4AFBEF491C9FD79E00906E8F /* LKFMDB_Demo.app */,
				4AFBEF621C9FD79E00906E8F /* LKFMDB_DemoTests.xctest */,
				4AFBEF6D1C9FD79E00906E8F /* LKFMDB_DemoUITests.xctest */,
			);
			name = Products;
			sourceTree = "<group>";
		};
		4AFBEF4B1C9FD79E00906E8F /* LKFMDB_Demo */ = {
			isa = PBXGroup;
			children = (
				4AFBEF931C9FD86400906E8F /* LKFMDB */,
				4AFBEF7F1C9FD7E800906E8F /* fmdb */,
				4AFBEF4F1C9FD79E00906E8F /* AppDelegate.h */,
				4AFBEF501C9FD79E00906E8F /* AppDelegate.m */,
				4AFBEF521C9FD79E00906E8F /* ViewController.h */,
				4AFBEF531C9FD79E00906E8F /* ViewController.m */,
				4AFBEFA21C9FF8CC00906E8F /* User.h */,
				4AFBEFA31C9FF8CC00906E8F /* User.m */,
				4AFBEF551C9FD79E00906E8F /* Main.storyboard */,
				4AFBEF581C9FD79E00906E8F /* Assets.xcassets */,
				4AFBEF5A1C9FD79E00906E8F /* LaunchScreen.storyboard */,
				4AFBEF5D1C9FD79E00906E8F /* Info.plist */,
				4AFBEF4C1C9FD79E00906E8F /* Supporting Files */,
			);
			path = LKFMDB_Demo;
			sourceTree = "<group>";
		};
		4AFBEF4C1C9FD79E00906E8F /* Supporting Files */ = {
			isa = PBXGroup;
			children = (
				4AFBEF4D1C9FD79E00906E8F /* main.m */,
			);
			name = "Supporting Files";
			sourceTree = "<group>";
		};
		4AFBEF651C9FD79E00906E8F /* LKFMDB_DemoTests */ = {
			isa = PBXGroup;
			children = (
				4AFBEF661C9FD79E00906E8F /* LKFMDB_DemoTests.m */,
				4AFBEF681C9FD79E00906E8F /* Info.plist */,
			);
			path = LKFMDB_DemoTests;
			sourceTree = "<group>";
		};
		4AFBEF701C9FD79E00906E8F /* LKFMDB_DemoUITests */ = {
			isa = PBXGroup;
			children = (
				4AFBEF711C9FD79E00906E8F /* LKFMDB_DemoUITests.m */,
				4AFBEF731C9FD79E00906E8F /* Info.plist */,
			);
			path = LKFMDB_DemoUITests;
			sourceTree = "<group>";
		};
		4AFBEF7F1C9FD7E800906E8F /* fmdb */ = {
			isa = PBXGroup;
			children = (
				4AFBEF801C9FD7E800906E8F /* FMDatabase.h */,
				4AFBEF811C9FD7E800906E8F /* FMDatabase.m */,
				4AFBEF821C9FD7E800906E8F /* FMDatabaseAdditions.h */,
				4AFBEF831C9FD7E800906E8F /* FMDatabaseAdditions.m */,
				4AFBEF841C9FD7E800906E8F /* FMDatabasePool.h */,
				4AFBEF851C9FD7E800906E8F /* FMDatabasePool.m */,
				4AFBEF861C9FD7E800906E8F /* FMDatabaseQueue.h */,
				4AFBEF871C9FD7E800906E8F /* FMDatabaseQueue.m */,
				4AFBEF881C9FD7E800906E8F /* FMDB.h */,
				4AFBEF891C9FD7E800906E8F /* FMResultSet.h */,
				4AFBEF8A1C9FD7E800906E8F /* FMResultSet.m */,
				4AFBEF8B1C9FD7E800906E8F /* Info.plist */,
			);
			path = fmdb;
			sourceTree = "<group>";
		};
		4AFBEF931C9FD86400906E8F /* LKFMDB */ = {
			isa = PBXGroup;
			children = (
				4AFBEF941C9FD89700906E8F /* LKDBTool.h */,
				4AFBEF951C9FD89700906E8F /* LKDBTool.m */,
				4AFBEF971C9FDE8700906E8F /* LKDBModel.h */,
				4AFBEF981C9FDE8700906E8F /* LKDBModel.m */,
				4AFBEF9A1C9FE4F500906E8F /* LKDBColumnDes.h */,
				4AFBEF9B1C9FE4F500906E8F /* LKDBColumnDes.m */,
				4AFBEF9F1C9FEBCA00906E8F /* LKDBQueryConfig.h */,
				4AFBEFA01C9FEBCA00906E8F /* LKDBQueryConfig.m */,
			);
			path = LKFMDB;
			sourceTree = "<group>";
		};
/* End PBXGroup section */

/* Begin PBXNativeTarget section */
		4AFBEF481C9FD79E00906E8F /* LKFMDB_Demo */ = {
			isa = PBXNativeTarget;
			buildConfigurationList = 4AFBEF761C9FD79E00906E8F /* Build configuration list for PBXNativeTarget "LKFMDB_Demo" */;
			buildPhases = (
				4AFBEF451C9FD79E00906E8F /* Sources */,
				4AFBEF461C9FD79E00906E8F /* Frameworks */,
				4AFBEF471C9FD79E00906E8F /* Resources */,
			);
			buildRules = (
			);
			dependencies = (
			);
			name = LKFMDB_Demo;
			productName = LKFMDB_Demo;
			productReference = 4AFBEF491C9FD79E00906E8F /* LKFMDB_Demo.app */;
			productType = "com.apple.product-type.application";
		};
		4AFBEF611C9FD79E00906E8F /* LKFMDB_DemoTests */ = {
			isa = PBXNativeTarget;
			buildConfigurationList = 4AFBEF791C9FD79E00906E8F /* Build configuration list for PBXNativeTarget "LKFMDB_DemoTests" */;
			buildPhases = (
				4AFBEF5E1C9FD79E00906E8F /* Sources */,
				4AFBEF5F1C9FD79E00906E8F /* Frameworks */,
				4AFBEF601C9FD79E00906E8F /* Resources */,
			);
			buildRules = (
			);
			dependencies = (
				4AFBEF641C9FD79E00906E8F /* PBXTargetDependency */,
			);
			name = LKFMDB_DemoTests;
			productName = LKFMDB_DemoTests;
			productReference = 4AFBEF621C9FD79E00906E8F /* LKFMDB_DemoTests.xctest */;
			productType = "com.apple.product-type.bundle.unit-test";
		};
		4AFBEF6C1C9FD79E00906E8F /* LKFMDB_DemoUITests */ = {
			isa = PBXNativeTarget;
			buildConfigurationList = 4AFBEF7C1C9FD79E00906E8F /* Build configuration list for PBXNativeTarget "LKFMDB_DemoUITests" */;
			buildPhases = (
				4AFBEF691C9FD79E00906E8F /* Sources */,
				4AFBEF6A1C9FD79E00906E8F /* Frameworks */,
				4AFBEF6B1C9FD79E00906E8F /* Resources */,
			);
			buildRules = (
			);
			dependencies = (
				4AFBEF6F1C9FD79E00906E8F /* PBXTargetDependency */,
			);
			name = LKFMDB_DemoUITests;
			productName = LKFMDB_DemoUITests;
			productReference = 4AFBEF6D1C9FD79E00906E8F /* LKFMDB_DemoUITests.xctest */;
			productType = "com.apple.product-type.bundle.ui-testing";
		};
/* End PBXNativeTarget section */

/* Begin PBXProject section */
		4AFBEF411C9FD79E00906E8F /* Project object */ = {
			isa = PBXProject;
			attributes = {
				LastUpgradeCheck = 0720;
				ORGANIZATIONNAME = LK;
				TargetAttributes = {
					4AFBEF481C9FD79E00906E8F = {
						CreatedOnToolsVersion = 7.2.1;
					};
					4AFBEF611C9FD79E00906E8F = {
						CreatedOnToolsVersion = 7.2.1;
						TestTargetID = 4AFBEF481C9FD79E00906E8F;
					};
					4AFBEF6C1C9FD79E00906E8F = {
						CreatedOnToolsVersion = 7.2.1;
						TestTargetID = 4AFBEF481C9FD79E00906E8F;
					};
				};
			};
			buildConfigurationList = 4AFBEF441C9FD79E00906E8F /* Build configuration list for PBXProject "LKFMDB_Demo" */;
			compatibilityVersion = "Xcode 3.2";
			developmentRegion = English;
			hasScannedForEncodings = 0;
			knownRegions = (
				en,
				Base,
			);
			mainGroup = 4AFBEF401C9FD79E00906E8F;
			productRefGroup = 4AFBEF4A1C9FD79E00906E8F /* Products */;
			projectDirPath = "";
			projectRoot = "";
			targets = (
				4AFBEF481C9FD79E00906E8F /* LKFMDB_Demo */,
				4AFBEF611C9FD79E00906E8F /* LKFMDB_DemoTests */,
				4AFBEF6C1C9FD79E00906E8F /* LKFMDB_DemoUITests */,
			);
		};
/* End PBXProject section */

/* Begin PBXResourcesBuildPhase section */
		4AFBEF471C9FD79E00906E8F /* Resources */ = {
			isa = PBXResourcesBuildPhase;
			buildActionMask = 2147483647;
			files = (
				4AFBEF911C9FD7E800906E8F /* Info.plist in Resources */,
				4AFBEF5C1C9FD79E00906E8F /* LaunchScreen.storyboard in Resources */,
				4AFBEF591C9FD79E00906E8F /* Assets.xcassets in Resources */,
				4AFBEF571C9FD79E00906E8F /* Main.storyboard in Resources */,
			);
			runOnlyForDeploymentPostprocessing = 0;
		};
		4AFBEF601C9FD79E00906E8F /* Resources */ = {
			isa = PBXResourcesBuildPhase;
			buildActionMask = 2147483647;
			files = (
			);
			runOnlyForDeploymentPostprocessing = 0;
		};
		4AFBEF6B1C9FD79E00906E8F /* Resources */ = {
			isa = PBXResourcesBuildPhase;
			buildActionMask = 2147483647;
			files = (
			);
			runOnlyForDeploymentPostprocessing = 0;
		};
/* End PBXResourcesBuildPhase section */

/* Begin PBXSourcesBuildPhase section */
		4AFBEF451C9FD79E00906E8F /* Sources */ = {
			isa = PBXSourcesBuildPhase;
			buildActionMask = 2147483647;
			files = (
				4AFBEFA41C9FF8CC00906E8F /* User.m in Sources */,
				4AFBEF9C1C9FE4F500906E8F /* LKDBColumnDes.m in Sources */,
				4AFBEF541C9FD79E00906E8F /* ViewController.m in Sources */,
				4AFBEF961C9FD89700906E8F /* LKDBTool.m in Sources */,
				4AFBEF991C9FDE8700906E8F /* LKDBModel.m in Sources */,
				4AFBEF8E1C9FD7E800906E8F /* FMDatabasePool.m in Sources */,
				4AFBEF511C9FD79E00906E8F /* AppDelegate.m in Sources */,
				4AFBEF8F1C9FD7E800906E8F /* FMDatabaseQueue.m in Sources */,
				4AFBEF4E1C9FD79E00906E8F /* main.m in Sources */,
				4AFBEF8C1C9FD7E800906E8F /* FMDatabase.m in Sources */,
				4AFBEFA11C9FEBCA00906E8F /* LKDBQueryConfig.m in Sources */,
				4AFBEF901C9FD7E800906E8F /* FMResultSet.m in Sources */,
				4AFBEF8D1C9FD7E800906E8F /* FMDatabaseAdditions.m in Sources */,
			);
			runOnlyForDeploymentPostprocessing = 0;
		};
		4AFBEF5E1C9FD79E00906E8F /* Sources */ = {
			isa = PBXSourcesBuildPhase;
			buildActionMask = 2147483647;
			files = (
				4AFBEF671C9FD79E00906E8F /* LKFMDB_DemoTests.m in Sources */,
			);
			runOnlyForDeploymentPostprocessing = 0;
		};
		4AFBEF691C9FD79E00906E8F /* Sources */ = {
			isa = PBXSourcesBuildPhase;
			buildActionMask = 2147483647;
			files = (
				4AFBEF721C9FD79E00906E8F /* LKFMDB_DemoUITests.m in Sources */,
			);
			runOnlyForDeploymentPostprocessing = 0;
		};
/* End PBXSourcesBuildPhase section */

/* Begin PBXTargetDependency section */
		4AFBEF641C9FD79E00906E8F /* PBXTargetDependency */ = {
			isa = PBXTargetDependency;
			target = 4AFBEF481C9FD79E00906E8F /* LKFMDB_Demo */;
			targetProxy = 4AFBEF631C9FD79E00906E8F /* PBXContainerItemProxy */;
		};
		4AFBEF6F1C9FD79E00906E8F /* PBXTargetDependency */ = {
			isa = PBXTargetDependency;
			target = 4AFBEF481C9FD79E00906E8F /* LKFMDB_Demo */;
			targetProxy = 4AFBEF6E1C9FD79E00906E8F /* PBXContainerItemProxy */;
		};
/* End PBXTargetDependency section */

/* Begin PBXVariantGroup section */
		4AFBEF551C9FD79E00906E8F /* Main.storyboard */ = {
			isa = PBXVariantGroup;
			children = (
				4AFBEF561C9FD79E00906E8F /* Base */,
			);
			name = Main.storyboard;
			sourceTree = "<group>";
		};
		4AFBEF5A1C9FD79E00906E8F /* LaunchScreen.storyboard */ = {
			isa = PBXVariantGroup;
			children = (
				4AFBEF5B1C9FD79E00906E8F /* Base */,
			);
			name = LaunchScreen.storyboard;
			sourceTree = "<group>";
		};
/* End PBXVariantGroup section */

/* Begin XCBuildConfiguration section */
		4AFBEF741C9FD79E00906E8F /* Debug */ = {
			isa = XCBuildConfiguration;
			buildSettings = {
				ALWAYS_SEARCH_USER_PATHS = NO;
				CLANG_CXX_LANGUAGE_STANDARD = "gnu++0x";
				CLANG_CXX_LIBRARY = "libc++";
				CLANG_ENABLE_MODULES = YES;
				CLANG_ENABLE_OBJC_ARC = YES;
				CLANG_WARN_BOOL_CONVERSION = YES;
				CLANG_WARN_CONSTANT_CONVERSION = YES;
				CLANG_WARN_DIRECT_OBJC_ISA_USAGE = YES_ERROR;
				CLANG_WARN_EMPTY_BODY = YES;
				CLANG_WARN_ENUM_CONVERSION = YES;
				CLANG_WARN_INT_CONVERSION = YES;
				CLANG_WARN_OBJC_ROOT_CLASS = YES_ERROR;
				CLANG_WARN_UNREACHABLE_CODE = YES;
				CLANG_WARN__DUPLICATE_METHOD_MATCH = YES;
				"CODE_SIGN_IDENTITY[sdk=iphoneos*]" = "iPhone Developer";
				COPY_PHASE_STRIP = NO;
				DEBUG_INFORMATION_FORMAT = dwarf;
				ENABLE_STRICT_OBJC_MSGSEND = YES;
				ENABLE_TESTABILITY = YES;
				GCC_C_LANGUAGE_STANDARD = gnu99;
				GCC_DYNAMIC_NO_PIC = NO;
				GCC_NO_COMMON_BLOCKS = YES;
				GCC_OPTIMIZATION_LEVEL = 0;
				GCC_PREPROCESSOR_DEFINITIONS = (
					"DEBUG=1",
					"$(inherited)",
				);
				GCC_WARN_64_TO_32_BIT_CONVERSION = YES;
				GCC_WARN_ABOUT_RETURN_TYPE = YES_ERROR;
				GCC_WARN_UNDECLARED_SELECTOR = YES;
				GCC_WARN_UNINITIALIZED_AUTOS = YES_AGGRESSIVE;
				GCC_WARN_UNUSED_FUNCTION = YES;
				GCC_WARN_UNUSED_VARIABLE = YES;
				IPHONEOS_DEPLOYMENT_TARGET = 9.2;
				MTL_ENABLE_DEBUG_INFO = YES;
				ONLY_ACTIVE_ARCH = YES;
				SDKROOT = iphoneos;
				TARGETED_DEVICE_FAMILY = "1,2";
			};
			name = Debug;
		};
		4AFBEF751C9FD79E00906E8F /* Release */ = {
			isa = XCBuildConfiguration;
			buildSettings = {
				ALWAYS_SEARCH_USER_PATHS = NO;
				CLANG_CXX_LANGUAGE_STANDARD = "gnu++0x";
				CLANG_CXX_LIBRARY = "libc++";
				CLANG_ENABLE_MODULES = YES;
				CLANG_ENABLE_OBJC_ARC = YES;
				CLANG_WARN_BOOL_CONVERSION = YES;
				CLANG_WARN_CONSTANT_CONVERSION = YES;
				CLANG_WARN_DIRECT_OBJC_ISA_USAGE = YES_ERROR;
				CLANG_WARN_EMPTY_BODY = YES;
				CLANG_WARN_ENUM_CONVERSION = YES;
				CLANG_WARN_INT_CONVERSION = YES;
				CLANG_WARN_OBJC_ROOT_CLASS = YES_ERROR;
				CLANG_WARN_UNREACHABLE_CODE = YES;
				CLANG_WARN__DUPLICATE_METHOD_MATCH = YES;
				"CODE_SIGN_IDENTITY[sdk=iphoneos*]" = "iPhone Developer";
				COPY_PHASE_STRIP = NO;
				DEBUG_INFORMATION_FORMAT = "dwarf-with-dsym";
				ENABLE_NS_ASSERTIONS = NO;
				ENABLE_STRICT_OBJC_MSGSEND = YES;
				GCC_C_LANGUAGE_STANDARD = gnu99;
				GCC_NO_COMMON_BLOCKS = YES;
				GCC_WARN_64_TO_32_BIT_CONVERSION = YES;
				GCC_WARN_ABOUT_RETURN_TYPE = YES_ERROR;
				GCC_WARN_UNDECLARED_SELECTOR = YES;
				GCC_WARN_UNINITIALIZED_AUTOS = YES_AGGRESSIVE;
				GCC_WARN_UNUSED_FUNCTION = YES;
				GCC_WARN_UNUSED_VARIABLE = YES;
				IPHONEOS_DEPLOYMENT_TARGET = 9.2;
				MTL_ENABLE_DEBUG_INFO = NO;
				SDKROOT = iphoneos;
				TARGETED_DEVICE_FAMILY = "1,2";
				VALIDATE_PRODUCT = YES;
			};
			name = Release;
		};
		4AFBEF771C9FD79E00906E8F /* Debug */ = {
			isa = XCBuildConfiguration;
			buildSettings = {
				ASSETCATALOG_COMPILER_APPICON_NAME = AppIcon;
				INFOPLIST_FILE = LKFMDB_Demo/Info.plist;
				IPHONEOS_DEPLOYMENT_TARGET = 8.0;
				LD_RUNPATH_SEARCH_PATHS = "$(inherited) @executable_path/Frameworks";
				PRODUCT_BUNDLE_IDENTIFIER = "com.lk.LKFMDB-Demo";
				PRODUCT_NAME = "$(TARGET_NAME)";
			};
			name = Debug;
		};
		4AFBEF781C9FD79E00906E8F /* Release */ = {
			isa = XCBuildConfiguration;
			buildSettings = {
				ASSETCATALOG_COMPILER_APPICON_NAME = AppIcon;
				INFOPLIST_FILE = LKFMDB_Demo/Info.plist;
				IPHONEOS_DEPLOYMENT_TARGET = 8.0;
				LD_RUNPATH_SEARCH_PATHS = "$(inherited) @executable_path/Frameworks";
				PRODUCT_BUNDLE_IDENTIFIER = "com.lk.LKFMDB-Demo";
				PRODUCT_NAME = "$(TARGET_NAME)";
			};
			name = Release;
		};
		4AFBEF7A1C9FD79E00906E8F /* Debug */ = {
			isa = XCBuildConfiguration;
			buildSettings = {
				BUNDLE_LOADER = "$(TEST_HOST)";
				INFOPLIST_FILE = LKFMDB_DemoTests/Info.plist;
				LD_RUNPATH_SEARCH_PATHS = "$(inherited) @executable_path/Frameworks @loader_path/Frameworks";
				PRODUCT_BUNDLE_IDENTIFIER = "com.lk.LKFMDB-DemoTests";
				PRODUCT_NAME = "$(TARGET_NAME)";
				TEST_HOST = "$(BUILT_PRODUCTS_DIR)/LKFMDB_Demo.app/LKFMDB_Demo";
			};
			name = Debug;
		};
		4AFBEF7B1C9FD79E00906E8F /* Release */ = {
			isa = XCBuildConfiguration;
			buildSettings = {
				BUNDLE_LOADER = "$(TEST_HOST)";
				INFOPLIST_FILE = LKFMDB_DemoTests/Info.plist;
				LD_RUNPATH_SEARCH_PATHS = "$(inherited) @executable_path/Frameworks @loader_path/Frameworks";
				PRODUCT_BUNDLE_IDENTIFIER = "com.lk.LKFMDB-DemoTests";
				PRODUCT_NAME = "$(TARGET_NAME)";
				TEST_HOST = "$(BUILT_PRODUCTS_DIR)/LKFMDB_Demo.app/LKFMDB_Demo";
			};
			name = Release;
		};
		4AFBEF7D1C9FD79E00906E8F /* Debug */ = {
			isa = XCBuildConfiguration;
			buildSettings = {
				INFOPLIST_FILE = LKFMDB_DemoUITests/Info.plist;
				LD_RUNPATH_SEARCH_PATHS = "$(inherited) @executable_path/Frameworks @loader_path/Frameworks";
				PRODUCT_BUNDLE_IDENTIFIER = "com.lk.LKFMDB-DemoUITests";
				PRODUCT_NAME = "$(TARGET_NAME)";
				TEST_TARGET_NAME = LKFMDB_Demo;
				USES_XCTRUNNER = YES;
			};
			name = Debug;
		};
		4AFBEF7E1C9FD79E00906E8F /* Release */ = {
			isa = XCBuildConfiguration;
			buildSettings = {
				INFOPLIST_FILE = LKFMDB_DemoUITests/Info.plist;
				LD_RUNPATH_SEARCH_PATHS = "$(inherited) @executable_path/Frameworks @loader_path/Frameworks";
				PRODUCT_BUNDLE_IDENTIFIER = "com.lk.LKFMDB-DemoUITests";
				PRODUCT_NAME = "$(TARGET_NAME)";
				TEST_TARGET_NAME = LKFMDB_Demo;
				USES_XCTRUNNER = YES;
			};
			name = Release;
		};
/* End XCBuildConfiguration section */

/* Begin XCConfigurationList section */
		4AFBEF441C9FD79E00906E8F /* Build configuration list for PBXProject "LKFMDB_Demo" */ = {
			isa = XCConfigurationList;
			buildConfigurations = (
				4AFBEF741C9FD79E00906E8F /* Debug */,
				4AFBEF751C9FD79E00906E8F /* Release */,
			);
			defaultConfigurationIsVisible = 0;
			defaultConfigurationName = Release;
		};
		4AFBEF761C9FD79E00906E8F /* Build configuration list for PBXNativeTarget "LKFMDB_Demo" */ = {
			isa = XCConfigurationList;
			buildConfigurations = (
				4AFBEF771C9FD79E00906E8F /* Debug */,
				4AFBEF781C9FD79E00906E8F /* Release */,
			);
			defaultConfigurationIsVisible = 0;
		};
		4AFBEF791C9FD79E00906E8F /* Build configuration list for PBXNativeTarget "LKFMDB_DemoTests" */ = {
			isa = XCConfigurationList;
			buildConfigurations = (
				4AFBEF7A1C9FD79E00906E8F /* Debug */,
				4AFBEF7B1C9FD79E00906E8F /* Release */,
			);
			defaultConfigurationIsVisible = 0;
		};
		4AFBEF7C1C9FD79E00906E8F /* Build configuration list for PBXNativeTarget "LKFMDB_DemoUITests" */ = {
			isa = XCConfigurationList;
			buildConfigurations = (
				4AFBEF7D1C9FD79E00906E8F /* Debug */,
				4AFBEF7E1C9FD79E00906E8F /* Release */,
			);
			defaultConfigurationIsVisible = 0;
		};
/* End XCConfigurationList section */
	};
	rootObject = 4AFBEF411C9FD79E00906E8F /* Project object */;
}
